
Microsoft Visual Studio Solution File, Format Version 12.00
# Visual Studio Version 16
VisualStudioVersion = 16.0.30717.126
MinimumVisualStudioVersion = 10.0.40219.1
Project("{FAE04EC0-301F-11D3-BF4B-00C04F79EFBC}") = "ChessCorrectMove", "ChessCorrectMove.csproj", "{71CAE6C3-38FD-42EC-BD47-E3425311ADA4}"
EndProject
Global
	GlobalSection(SolutionConfigurationPlatforms) = preSolution
		Debug|Any CPU = Debug|Any CPU
		Release|Any CPU = Release|Any CPU
	EndGlobalSection
	GlobalSection(ProjectConfigurationPlatforms) = postSolution
		{71CAE6C3-38FD-42EC-BD47-E3425311ADA4}.Debug|Any CPU.ActiveCfg = Debug|Any CPU
		{71CAE6C3-38FD-42EC-BD47-E3425311ADA4}.Debug|Any CPU.Build.0 = Debug|Any CPU
		{71CAE6C3-38FD-42EC-BD47-E3425311ADA4}.Release|Any CPU.ActiveCfg = Release|Any CPU
		{71CAE6C3-38FD-42EC-BD47-E3425311ADA4}.Release|Any CPU.Build.0 = Release|Any CPU
	EndGlobalSection
	GlobalSection(SolutionProperties) = preSolution
		HideSolutionNode = FALSE
	EndGlobalSection
	GlobalSection(ExtensibilityGlobals) = postSolution
		SolutionGuid = {613188A1-5EA9-44E9-B979-522C49906DF9}
	EndGlobalSection
EndGlobal
